
Microsoft Visual Studio Solution File, Format Version 12.00
# Visual Studio Version 17
VisualStudioVersion = 17.9.34616.47
MinimumVisualStudioVersion = 10.0.40219.1
Project("{2150E333-8FDC-42A3-9474-1A3956D46DE8}") = "Data Gen", "Data Gen", "{805BE6FA-B048-42F9-ADB0-6CA934189F22}"
EndProject
Project("{FAE04EC0-301F-11D3-BF4B-00C04F79EFBC}") = "WikiTableToJson", "src\datagen\WikiTableToJson\WikiTableToJson.csproj", "{237292C1-CB4D-4442-8452-E0ADB06A45C1}"
EndProject
Project("{FAE04EC0-301F-11D3-BF4B-00C04F79EFBC}") = "CardJitsu.Common", "src\CardJitsu.Common\CardJitsu.Common.csproj", "{D759A05E-CC38-4898-8406-6E779D064DDA}"
EndProject
Global
	GlobalSection(SolutionConfigurationPlatforms) = preSolution
		Debug|Any CPU = Debug|Any CPU
		Release|Any CPU = Release|Any CPU
	EndGlobalSection
	GlobalSection(ProjectConfigurationPlatforms) = postSolution
		{237292C1-CB4D-4442-8452-E0ADB06A45C1}.Debug|Any CPU.ActiveCfg = Debug|Any CPU
		{237292C1-CB4D-4442-8452-E0ADB06A45C1}.Debug|Any CPU.Build.0 = Debug|Any CPU
		{237292C1-CB4D-4442-8452-E0ADB06A45C1}.Release|Any CPU.ActiveCfg = Release|Any CPU
		{237292C1-CB4D-4442-8452-E0ADB06A45C1}.Release|Any CPU.Build.0 = Release|Any CPU
		{D759A05E-CC38-4898-8406-6E779D064DDA}.Debug|Any CPU.ActiveCfg = Debug|Any CPU
		{D759A05E-CC38-4898-8406-6E779D064DDA}.Debug|Any CPU.Build.0 = Debug|Any CPU
		{D759A05E-CC38-4898-8406-6E779D064DDA}.Release|Any CPU.ActiveCfg = Release|Any CPU
		{D759A05E-CC38-4898-8406-6E779D064DDA}.Release|Any CPU.Build.0 = Release|Any CPU
	EndGlobalSection
	GlobalSection(SolutionProperties) = preSolution
		HideSolutionNode = FALSE
	EndGlobalSection
	GlobalSection(NestedProjects) = preSolution
		{237292C1-CB4D-4442-8452-E0ADB06A45C1} = {805BE6FA-B048-42F9-ADB0-6CA934189F22}
	EndGlobalSection
	GlobalSection(ExtensibilityGlobals) = postSolution
		SolutionGuid = {FDF77793-1F1C-401C-AD32-63BD2C46F10D}
	EndGlobalSection
EndGlobal
